// !$*UTF8*$!
{
	archiveVersion = 1;
	classes = {
	};
	objectVersion = 50;
	objects = {

/* Begin PBXBuildFile section */
		76FB31DC2120DBF100A1A4BB /* LanguageScreenSaverView.swift in Sources */ = {isa = PBXBuildFile; fileRef = 76FB31DB2120DBF100A1A4BB /* LanguageScreenSaverView.swift */; };
		76FB31E2212125D900A1A4BB /* hsk2.txt in Resources */ = {isa = PBXBuildFile; fileRef = 76FB31E1212125D900A1A4BB /* hsk2.txt */; };
		76FB31E42121373400A1A4BB /* LanguageSaver.saver in CopyFiles */ = {isa = PBXBuildFile; fileRef = 76FB31CE2120DB3A00A1A4BB /* LanguageSaver.saver */; settings = {ATTRIBUTES = (CodeSignOnCopy, RemoveHeadersOnCopy, ); }; };
/* End PBXBuildFile section */

/* Begin PBXCopyFilesBuildPhase section */
		76FB31E32121372900A1A4BB /* CopyFiles */ = {
			isa = PBXCopyFilesBuildPhase;
			buildActionMask = 2147483647;
			dstPath = "~/Library/Screen Savers";
			dstSubfolderSpec = 0;
			files = (
				76FB31E42121373400A1A4BB /* LanguageSaver.saver in CopyFiles */,
			);
			runOnlyForDeploymentPostprocessing = 0;
		};
/* End PBXCopyFilesBuildPhase section */

/* Begin PBXFileReference section */
		76FB31CE2120DB3A00A1A4BB /* LanguageSaver.saver */ = {isa = PBXFileReference; explicitFileType = wrapper.cfbundle; includeInIndex = 0; path = LanguageSaver.saver; sourceTree = BUILT_PRODUCTS_DIR; };
		76FB31D52120DB3A00A1A4BB /* Info.plist */ = {isa = PBXFileReference; lastKnownFileType = text.plist.xml; path = Info.plist; sourceTree = "<group>"; };
		76FB31DB2120DBF100A1A4BB /* LanguageScreenSaverView.swift */ = {isa = PBXFileReference; lastKnownFileType = sourcecode.swift; path = LanguageScreenSaverView.swift; sourceTree = "<group>"; };
		76FB31E1212125D900A1A4BB /* hsk2.txt */ = {isa = PBXFileReference; fileEncoding = 4; lastKnownFileType = text; path = hsk2.txt; sourceTree = "<group>"; };
/* End PBXFileReference section */

/* Begin PBXFrameworksBuildPhase section */
		76FB31CA2120DB3A00A1A4BB /* Frameworks */ = {
			isa = PBXFrameworksBuildPhase;
			buildActionMask = 2147483647;
			files = (
			);
			runOnlyForDeploymentPostprocessing = 0;
		};
/* End PBXFrameworksBuildPhase section */

/* Begin PBXGroup section */
		76FB31C42120DB3A00A1A4BB = {
			isa = PBXGroup;
			children = (
				76FB31D02120DB3A00A1A4BB /* LanguageSaver */,
				76FB31CF2120DB3A00A1A4BB /* Products */,
			);
			sourceTree = "<group>";
		};
		76FB31CF2120DB3A00A1A4BB /* Products */ = {
			isa = PBXGroup;
			children = (
				76FB31CE2120DB3A00A1A4BB /* LanguageSaver.saver */,
			);
			name = Products;
			sourceTree = "<group>";
		};
		76FB31D02120DB3A00A1A4BB /* LanguageSaver */ = {
			isa = PBXGroup;
			children = (
				76FB31DB2120DBF100A1A4BB /* LanguageScreenSaverView.swift */,
				76FB31E1212125D900A1A4BB /* hsk2.txt */,
				76FB31D52120DB3A00A1A4BB /* Info.plist */,
			);
			path = LanguageSaver;
			sourceTree = "<group>";
		};
/* End PBXGroup section */

/* Begin PBXHeadersBuildPhase section */
		76FB31CB2120DB3A00A1A4BB /* Headers */ = {
			isa = PBXHeadersBuildPhase;
			buildActionMask = 2147483647;
			files = (
			);
			runOnlyForDeploymentPostprocessing = 0;
		};
/* End PBXHeadersBuildPhase section */

/* Begin PBXNativeTarget section */
		76FB31CD2120DB3A00A1A4BB /* LanguageSaver */ = {
			isa = PBXNativeTarget;
			buildConfigurationList = 76FB31D82120DB3A00A1A4BB /* Build configuration list for PBXNativeTarget "LanguageSaver" */;
			buildPhases = (
				76FB31C92120DB3A00A1A4BB /* Sources */,
				76FB31CA2120DB3A00A1A4BB /* Frameworks */,
				76FB31CB2120DB3A00A1A4BB /* Headers */,
				76FB31CC2120DB3A00A1A4BB /* Resources */,
				76FB31E32121372900A1A4BB /* CopyFiles */,
				76FB31E92121409B00A1A4BB /* ShellScript */,
			);
			buildRules = (
			);
			dependencies = (
			);
			name = LanguageSaver;
			productName = LanguageSaver;
			productReference = 76FB31CE2120DB3A00A1A4BB /* LanguageSaver.saver */;
			productType = "com.apple.product-type.bundle";
		};
/* End PBXNativeTarget section */

/* Begin PBXProject section */
		76FB31C52120DB3A00A1A4BB /* Project object */ = {
			isa = PBXProject;
			attributes = {
				LastUpgradeCheck = 0940;
				ORGANIZATIONNAME = "Gabriel Uribe";
				TargetAttributes = {
					76FB31CD2120DB3A00A1A4BB = {
						CreatedOnToolsVersion = 9.4.1;
						LastSwiftMigration = 0940;
					};
				};
			};
			buildConfigurationList = 76FB31C82120DB3A00A1A4BB /* Build configuration list for PBXProject "LanguageSaver" */;
			compatibilityVersion = "Xcode 9.3";
			developmentRegion = en;
			hasScannedForEncodings = 0;
			knownRegions = (
				en,
			);
			mainGroup = 76FB31C42120DB3A00A1A4BB;
			productRefGroup = 76FB31CF2120DB3A00A1A4BB /* Products */;
			projectDirPath = "";
			projectRoot = "";
			targets = (
				76FB31CD2120DB3A00A1A4BB /* LanguageSaver */,
			);
		};
/* End PBXProject section */

/* Begin PBXResourcesBuildPhase section */
		76FB31CC2120DB3A00A1A4BB /* Resources */ = {
			isa = PBXResourcesBuildPhase;
			buildActionMask = 2147483647;
			files = (
				76FB31E2212125D900A1A4BB /* hsk2.txt in Resources */,
			);
			runOnlyForDeploymentPostprocessing = 0;
		};
/* End PBXResourcesBuildPhase section */

/* Begin PBXShellScriptBuildPhase section */
		76FB31E92121409B00A1A4BB /* ShellScript */ = {
			isa = PBXShellScriptBuildPhase;
			buildActionMask = 2147483647;
			files = (
			);
			inputPaths = (
			);
			outputPaths = (
			);
			runOnlyForDeploymentPostprocessing = 0;
			shellPath = /bin/bash;
			shellScript = "SCREEN_SAVER_PATH=\"${HOME}/Library/Screen Savers/${FULL_PRODUCT_NAME}\"\nif [[ -d \"${SCREEN_SAVER_PATH}\" || -f \"${SCREEN_SAVER_PATH}\" || -L \"${SCREEN_SAVER_PATH}\" ]]; then\nrm -Rf \"${SCREEN_SAVER_PATH}\"\nfi\nln -s \"${BUILT_PRODUCTS_DIR}/${FULL_PRODUCT_NAME}\" \"${SCREEN_SAVER_PATH}\"";
		};
/* End PBXShellScriptBuildPhase section */

/* Begin PBXSourcesBuildPhase section */
		76FB31C92120DB3A00A1A4BB /* Sources */ = {
			isa = PBXSourcesBuildPhase;
			buildActionMask = 2147483647;
			files = (
				76FB31DC2120DBF100A1A4BB /* LanguageScreenSaverView.swift in Sources */,
			);
			runOnlyForDeploymentPostprocessing = 0;
		};
/* End PBXSourcesBuildPhase section */

/* Begin XCBuildConfiguration section */
		76FB31D62120DB3A00A1A4BB /* Debug */ = {
			isa = XCBuildConfiguration;
			buildSettings = {
				ALWAYS_SEARCH_USER_PATHS = NO;
				CLANG_ANALYZER_NONNULL = YES;
				CLANG_ANALYZER_NUMBER_OBJECT_CONVERSION = YES_AGGRESSIVE;
				CLANG_CXX_LANGUAGE_STANDARD = "gnu++14";
				CLANG_CXX_LIBRARY = "libc++";
				CLANG_ENABLE_MODULES = YES;
				CLANG_ENABLE_OBJC_ARC = YES;
				CLANG_ENABLE_OBJC_WEAK = YES;
				CLANG_WARN_BLOCK_CAPTURE_AUTORELEASING = YES;
				CLANG_WARN_BOOL_CONVERSION = YES;
				CLANG_WARN_COMMA = YES;
				CLANG_WARN_CONSTANT_CONVERSION = YES;
				CLANG_WARN_DEPRECATED_OBJC_IMPLEMENTATIONS = YES;
				CLANG_WARN_DIRECT_OBJC_ISA_USAGE = YES_ERROR;
				CLANG_WARN_DOCUMENTATION_COMMENTS = YES;
				CLANG_WARN_EMPTY_BODY = YES;
				CLANG_WARN_ENUM_CONVERSION = YES;
				CLANG_WARN_INFINITE_RECURSION = YES;
				CLANG_WARN_INT_CONVERSION = YES;
				CLANG_WARN_NON_LITERAL_NULL_CONVERSION = YES;
				CLANG_WARN_OBJC_IMPLICIT_RETAIN_SELF = YES;
				CLANG_WARN_OBJC_LITERAL_CONVERSION = YES;
				CLANG_WARN_OBJC_ROOT_CLASS = YES_ERROR;
				CLANG_WARN_RANGE_LOOP_ANALYSIS = YES;
				CLANG_WARN_STRICT_PROTOTYPES = YES;
				CLANG_WARN_SUSPICIOUS_MOVE = YES;
				CLANG_WARN_UNGUARDED_AVAILABILITY = YES_AGGRESSIVE;
				CLANG_WARN_UNREACHABLE_CODE = YES;
				CLANG_WARN__DUPLICATE_METHOD_MATCH = YES;
				CODE_SIGN_IDENTITY = "Mac Developer";
				COPY_PHASE_STRIP = NO;
				DEBUG_INFORMATION_FORMAT = dwarf;
				ENABLE_STRICT_OBJC_MSGSEND = YES;
				ENABLE_TESTABILITY = YES;
				GCC_C_LANGUAGE_STANDARD = gnu11;
				GCC_DYNAMIC_NO_PIC = NO;
				GCC_NO_COMMON_BLOCKS = YES;
				GCC_OPTIMIZATION_LEVEL = 0;
				GCC_PREPROCESSOR_DEFINITIONS = (
					"DEBUG=1",
					"$(inherited)",
				);
				GCC_WARN_64_TO_32_BIT_CONVERSION = YES;
				GCC_WARN_ABOUT_RETURN_TYPE = YES_ERROR;
				GCC_WARN_UNDECLARED_SELECTOR = YES;
				GCC_WARN_UNINITIALIZED_AUTOS = YES_AGGRESSIVE;
				GCC_WARN_UNUSED_FUNCTION = YES;
				GCC_WARN_UNUSED_VARIABLE = YES;
				MACOSX_DEPLOYMENT_TARGET = 10.13;
				MTL_ENABLE_DEBUG_INFO = YES;
				ONLY_ACTIVE_ARCH = YES;
				SDKROOT = macosx;
			};
			name = Debug;
		};
		76FB31D72120DB3A00A1A4BB /* Release */ = {
			isa = XCBuildConfiguration;
			buildSettings = {
				ALWAYS_SEARCH_USER_PATHS = NO;
				CLANG_ANALYZER_NONNULL = YES;
				CLANG_ANALYZER_NUMBER_OBJECT_CONVERSION = YES_AGGRESSIVE;
				CLANG_CXX_LANGUAGE_STANDARD = "gnu++14";
				CLANG_CXX_LIBRARY = "libc++";
				CLANG_ENABLE_MODULES = YES;
				CLANG_ENABLE_OBJC_ARC = YES;
				CLANG_ENABLE_OBJC_WEAK = YES;
				CLANG_WARN_BLOCK_CAPTURE_AUTORELEASING = YES;
				CLANG_WARN_BOOL_CONVERSION = YES;
				CLANG_WARN_COMMA = YES;
				CLANG_WARN_CONSTANT_CONVERSION = YES;
				CLANG_WARN_DEPRECATED_OBJC_IMPLEMENTATIONS = YES;
				CLANG_WARN_DIRECT_OBJC_ISA_USAGE = YES_ERROR;
				CLANG_WARN_DOCUMENTATION_COMMENTS = YES;
				CLANG_WARN_EMPTY_BODY = YES;
				CLANG_WARN_ENUM_CONVERSION = YES;
				CLANG_WARN_INFINITE_RECURSION = YES;
				CLANG_WARN_INT_CONVERSION = YES;
				CLANG_WARN_NON_LITERAL_NULL_CONVERSION = YES;
				CLANG_WARN_OBJC_IMPLICIT_RETAIN_SELF = YES;
				CLANG_WARN_OBJC_LITERAL_CONVERSION = YES;
				CLANG_WARN_OBJC_ROOT_CLASS = YES_ERROR;
				CLANG_WARN_RANGE_LOOP_ANALYSIS = YES;
				CLANG_WARN_STRICT_PROTOTYPES = YES;
				CLANG_WARN_SUSPICIOUS_MOVE = YES;
				CLANG_WARN_UNGUARDED_AVAILABILITY = YES_AGGRESSIVE;
				CLANG_WARN_UNREACHABLE_CODE = YES;
				CLANG_WARN__DUPLICATE_METHOD_MATCH = YES;
				CODE_SIGN_IDENTITY = "Mac Developer";
				COPY_PHASE_STRIP = NO;
				DEBUG_INFORMATION_FORMAT = "dwarf-with-dsym";
				ENABLE_NS_ASSERTIONS = NO;
				ENABLE_STRICT_OBJC_MSGSEND = YES;
				GCC_C_LANGUAGE_STANDARD = gnu11;
				GCC_NO_COMMON_BLOCKS = YES;
				GCC_WARN_64_TO_32_BIT_CONVERSION = YES;
				GCC_WARN_ABOUT_RETURN_TYPE = YES_ERROR;
				GCC_WARN_UNDECLARED_SELECTOR = YES;
				GCC_WARN_UNINITIALIZED_AUTOS = YES_AGGRESSIVE;
				GCC_WARN_UNUSED_FUNCTION = YES;
				GCC_WARN_UNUSED_VARIABLE = YES;
				MACOSX_DEPLOYMENT_TARGET = 10.13;
				MTL_ENABLE_DEBUG_INFO = NO;
				SDKROOT = macosx;
			};
			name = Release;
		};
		76FB31D92120DB3A00A1A4BB /* Debug */ = {
			isa = XCBuildConfiguration;
			buildSettings = {
				ALWAYS_EMBED_SWIFT_STANDARD_LIBRARIES = YES;
				CLANG_ENABLE_MODULES = YES;
				CODE_SIGN_STYLE = Automatic;
				COMBINE_HIDPI_IMAGES = YES;
				DEVELOPMENT_TEAM = 6SWS45C4S4;
				INFOPLIST_FILE = LanguageSaver/Info.plist;
				INSTALL_PATH = "$(HOME)/Library/Screen Savers";
				LD_RUNPATH_SEARCH_PATHS = (
					"$(inherited)",
					"@executable_path/../Frameworks",
					"@loader_path/../Frameworks",
				);
				PRODUCT_BUNDLE_IDENTIFIER = com.gabrieluribe.LanguageSaver;
				PRODUCT_NAME = "$(TARGET_NAME)";
				SWIFT_OPTIMIZATION_LEVEL = "-Onone";
				SWIFT_VERSION = 4.0;
				WRAPPER_EXTENSION = saver;
			};
			name = Debug;
		};
		76FB31DA2120DB3A00A1A4BB /* Release */ = {
			isa = XCBuildConfiguration;
			buildSettings = {
				ALWAYS_EMBED_SWIFT_STANDARD_LIBRARIES = YES;
				CLANG_ENABLE_MODULES = YES;
				CODE_SIGN_STYLE = Automatic;
				COMBINE_HIDPI_IMAGES = YES;
				DEVELOPMENT_TEAM = 6SWS45C4S4;
				INFOPLIST_FILE = LanguageSaver/Info.plist;
				INSTALL_PATH = "$(HOME)/Library/Screen Savers";
				LD_RUNPATH_SEARCH_PATHS = (
					"$(inherited)",
					"@executable_path/../Frameworks",
					"@loader_path/../Frameworks",
				);
				PRODUCT_BUNDLE_IDENTIFIER = com.gabrieluribe.LanguageSaver;
				PRODUCT_NAME = "$(TARGET_NAME)";
				SWIFT_VERSION = 4.0;
				WRAPPER_EXTENSION = saver;
			};
			name = Release;
		};
/* End XCBuildConfiguration section */

/* Begin XCConfigurationList section */
		76FB31C82120DB3A00A1A4BB /* Build configuration list for PBXProject "LanguageSaver" */ = {
			isa = XCConfigurationList;
			buildConfigurations = (
				76FB31D62120DB3A00A1A4BB /* Debug */,
				76FB31D72120DB3A00A1A4BB /* Release */,
			);
			defaultConfigurationIsVisible = 0;
			defaultConfigurationName = Release;
		};
		76FB31D82120DB3A00A1A4BB /* Build configuration list for PBXNativeTarget "LanguageSaver" */ = {
			isa = XCConfigurationList;
			buildConfigurations = (
				76FB31D92120DB3A00A1A4BB /* Debug */,
				76FB31DA2120DB3A00A1A4BB /* Release */,
			);
			defaultConfigurationIsVisible = 0;
			defaultConfigurationName = Release;
		};
/* End XCConfigurationList section */
	};
	rootObject = 76FB31C52120DB3A00A1A4BB /* Project object */;
}
